
Microsoft Visual Studio Solution File, Format Version 12.00
# Visual Studio 15
VisualStudioVersion = 15.0.33423.255
MinimumVisualStudioVersion = 10.0.40219.1
Project("{FAE04EC0-301F-11D3-BF4B-00C04F79EFBC}") = "BIS345-Week4-Exercise6-WeightCon", "BIS345-Week4-Exercise6-WeightCon\BIS345-Week4-Exercise6-WeightCon.csproj", "{7E8E92F3-B9A1-4CF0-93ED-3DF981891D9D}"
EndProject
Global
	GlobalSection(SolutionConfigurationPlatforms) = preSolution
		Debug|Any CPU = Debug|Any CPU
		Release|Any CPU = Release|Any CPU
	EndGlobalSection
	GlobalSection(ProjectConfigurationPlatforms) = postSolution
		{7E8E92F3-B9A1-4CF0-93ED-3DF981891D9D}.Debug|Any CPU.ActiveCfg = Debug|Any CPU
		{7E8E92F3-B9A1-4CF0-93ED-3DF981891D9D}.Debug|Any CPU.Build.0 = Debug|Any CPU
		{7E8E92F3-B9A1-4CF0-93ED-3DF981891D9D}.Release|Any CPU.ActiveCfg = Release|Any CPU
		{7E8E92F3-B9A1-4CF0-93ED-3DF981891D9D}.Release|Any CPU.Build.0 = Release|Any CPU
	EndGlobalSection
	GlobalSection(SolutionProperties) = preSolution
		HideSolutionNode = FALSE
	EndGlobalSection
	GlobalSection(ExtensibilityGlobals) = postSolution
		SolutionGuid = {F60F2EA8-3782-4D19-A3E5-8D0E426B348C}
	EndGlobalSection
EndGlobal
