
Microsoft Visual Studio Solution File, Format Version 12.00
# Visual Studio 15
VisualStudioVersion = 15.0.33423.255
MinimumVisualStudioVersion = 10.0.40219.1
Project("{FAE04EC0-301F-11D3-BF4B-00C04F79EFBC}") = "String Variables", "String Variables\String Variables.csproj", "{9E7EE11B-A080-4BE5-9E16-3CBFC15B6941}"
EndProject
Global
	GlobalSection(SolutionConfigurationPlatforms) = preSolution
		Debug|Any CPU = Debug|Any CPU
		Release|Any CPU = Release|Any CPU
	EndGlobalSection
	GlobalSection(ProjectConfigurationPlatforms) = postSolution
		{9E7EE11B-A080-4BE5-9E16-3CBFC15B6941}.Debug|Any CPU.ActiveCfg = Debug|Any CPU
		{9E7EE11B-A080-4BE5-9E16-3CBFC15B6941}.Debug|Any CPU.Build.0 = Debug|Any CPU
		{9E7EE11B-A080-4BE5-9E16-3CBFC15B6941}.Release|Any CPU.ActiveCfg = Release|Any CPU
		{9E7EE11B-A080-4BE5-9E16-3CBFC15B6941}.Release|Any CPU.Build.0 = Release|Any CPU
	EndGlobalSection
	GlobalSection(SolutionProperties) = preSolution
		HideSolutionNode = FALSE
	EndGlobalSection
	GlobalSection(ExtensibilityGlobals) = postSolution
		SolutionGuid = {FA864FDC-0339-4A09-B4A0-87CA175D079D}
	EndGlobalSection
EndGlobal
