
Microsoft Visual Studio Solution File, Format Version 12.00
# Visual Studio 15
VisualStudioVersion = 15.0.33423.255
MinimumVisualStudioVersion = 10.0.40219.1
Project("{FAE04EC0-301F-11D3-BF4B-00C04F79EFBC}") = "BIS345-Week3-Exercise7-BankClass", "BIS345-Week3-Exercise7-BankClass\BIS345-Week3-Exercise7-BankClass.csproj", "{9C363EED-9974-45A5-8682-E941398A6DE1}"
EndProject
Global
	GlobalSection(SolutionConfigurationPlatforms) = preSolution
		Debug|Any CPU = Debug|Any CPU
		Release|Any CPU = Release|Any CPU
	EndGlobalSection
	GlobalSection(ProjectConfigurationPlatforms) = postSolution
		{9C363EED-9974-45A5-8682-E941398A6DE1}.Debug|Any CPU.ActiveCfg = Debug|Any CPU
		{9C363EED-9974-45A5-8682-E941398A6DE1}.Debug|Any CPU.Build.0 = Debug|Any CPU
		{9C363EED-9974-45A5-8682-E941398A6DE1}.Release|Any CPU.ActiveCfg = Release|Any CPU
		{9C363EED-9974-45A5-8682-E941398A6DE1}.Release|Any CPU.Build.0 = Release|Any CPU
	EndGlobalSection
	GlobalSection(SolutionProperties) = preSolution
		HideSolutionNode = FALSE
	EndGlobalSection
	GlobalSection(ExtensibilityGlobals) = postSolution
		SolutionGuid = {3B56005B-A910-4394-930E-53DF3C3EE1B7}
	EndGlobalSection
EndGlobal
