
Microsoft Visual Studio Solution File, Format Version 12.00
# Visual Studio 15
VisualStudioVersion = 15.0.33423.255
MinimumVisualStudioVersion = 10.0.40219.1
Project("{FAE04EC0-301F-11D3-BF4B-00C04F79EFBC}") = "BIS345-Week5-Exercise9-EmpPayroll", "BIS345-Week5-Exercise9-EmpPayroll\BIS345-Week5-Exercise9-EmpPayroll.csproj", "{89540597-6BBA-4D1B-94F0-5F6A1B097139}"
EndProject
Global
	GlobalSection(SolutionConfigurationPlatforms) = preSolution
		Debug|Any CPU = Debug|Any CPU
		Release|Any CPU = Release|Any CPU
	EndGlobalSection
	GlobalSection(ProjectConfigurationPlatforms) = postSolution
		{89540597-6BBA-4D1B-94F0-5F6A1B097139}.Debug|Any CPU.ActiveCfg = Debug|Any CPU
		{89540597-6BBA-4D1B-94F0-5F6A1B097139}.Debug|Any CPU.Build.0 = Debug|Any CPU
		{89540597-6BBA-4D1B-94F0-5F6A1B097139}.Release|Any CPU.ActiveCfg = Release|Any CPU
		{89540597-6BBA-4D1B-94F0-5F6A1B097139}.Release|Any CPU.Build.0 = Release|Any CPU
	EndGlobalSection
	GlobalSection(SolutionProperties) = preSolution
		HideSolutionNode = FALSE
	EndGlobalSection
	GlobalSection(ExtensibilityGlobals) = postSolution
		SolutionGuid = {B5B7D959-09E7-43A2-B1AD-BAC738C08469}
	EndGlobalSection
EndGlobal
